// !$*UTF8*$!
{
	archiveVersion = 1;
	classes = {
	};
	objectVersion = 46;
	objects = {

/* Begin PBXBuildFile section */
		2EB08E2B1A8DDBBD00E72BB1 /* RFLocela.h in CopyFiles */ = {isa = PBXBuildFile; fileRef = 2EB08E2A1A8DDBBD00E72BB1 /* RFLocela.h */; };
		2EB08E2D1A8DDBBD00E72BB1 /* RFLocela.m in Sources */ = {isa = PBXBuildFile; fileRef = 2EB08E2C1A8DDBBD00E72BB1 /* RFLocela.m */; };
		2EB08E331A8DDBBD00E72BB1 /* libLocela.a in Frameworks */ = {isa = PBXBuildFile; fileRef = 2EB08E271A8DDBBD00E72BB1 /* libLocela.a */; };
		9040B0A653DCDF95DD0234D1 /* RFTimeFormatterTest.m in Sources */ = {isa = PBXBuildFile; fileRef = 9040B54F8B97997B321A9DA1 /* RFTimeFormatterTest.m */; };
		9040B0A6A05A8B06B140B97F /* RFStringFormatter.m in Sources */ = {isa = PBXBuildFile; fileRef = 9040B561339F289BEEEDE61E /* RFStringFormatter.m */; };
		9040B116C7C67BFC238B4EF3 /* RFDatetimeFormatterTest.m in Sources */ = {isa = PBXBuildFile; fileRef = 9040B3CD11D1F9BCF88C0742 /* RFDatetimeFormatterTest.m */; };
		9040B2A4D591502C49B82270 /* RFChoiceConditionTest.m in Sources */ = {isa = PBXBuildFile; fileRef = 9040B67ACA0EAA738439D939 /* RFChoiceConditionTest.m */; };
		9040B38BF42C65176453230B /* RFNumberFormatter.m in Sources */ = {isa = PBXBuildFile; fileRef = 9040B3D6A543AC0892C41444 /* RFNumberFormatter.m */; };
		9040B3E05C3C36885B30B4CA /* RFChoiceCondition.m in Sources */ = {isa = PBXBuildFile; fileRef = 9040B12487208D9CA2248BB2 /* RFChoiceCondition.m */; };
		9040B407FBABA3E57FF5B0FE /* RFMessageFormatterTest.m in Sources */ = {isa = PBXBuildFile; fileRef = 9040B05FBC7781126CBD7CE4 /* RFMessageFormatterTest.m */; };
		9040B850320250B92DC28A49 /* RFStringFormatterTest.m in Sources */ = {isa = PBXBuildFile; fileRef = 9040B4226A2AA2E3D691517F /* RFStringFormatterTest.m */; };
		9040B8CB2DFB03BCBC3B781E /* RFValueFormatter.m in Sources */ = {isa = PBXBuildFile; fileRef = 9040BF19DBA018C7F2984AE1 /* RFValueFormatter.m */; };
		9040B93B9E27FA53668F1AD6 /* RFNumberFormatterTest.m in Sources */ = {isa = PBXBuildFile; fileRef = 9040B1B9AC3174567E7D09AF /* RFNumberFormatterTest.m */; };
		9040B9458BA6A8A443720F72 /* RFTimeFormatter.m in Sources */ = {isa = PBXBuildFile; fileRef = 9040BAED19B7927FF4D4570D /* RFTimeFormatter.m */; };
		9040B9715FB7CCCEED882173 /* NSNumberFormatterTest.m in Sources */ = {isa = PBXBuildFile; fileRef = 9040B23516930D46889874C4 /* NSNumberFormatterTest.m */; };
		9040BA852955E70E870550F3 /* RFDateFormatterTest.m in Sources */ = {isa = PBXBuildFile; fileRef = 9040B2FA492447029F02460F /* RFDateFormatterTest.m */; };
		9040BC79DCDCC8DF315114AC /* RFDatetimeFormatter.m in Sources */ = {isa = PBXBuildFile; fileRef = 9040BB8288A24724DB6E2F24 /* RFDatetimeFormatter.m */; };
		9040BD9BF39DA16ED455BFB4 /* RFRegExpUtil.m in Sources */ = {isa = PBXBuildFile; fileRef = 9040BC064A126B686B73204F /* RFRegExpUtil.m */; };
		9040BE3AF498029D81909560 /* RFMessageFormatter.m in Sources */ = {isa = PBXBuildFile; fileRef = 9040B0AD6F8AD1E72662AF54 /* RFMessageFormatter.m */; };
		9040BFE2FCB8DFF48246EB34 /* RFDateFormatter.m in Sources */ = {isa = PBXBuildFile; fileRef = 9040B7FDEDDC0C6D8E043B8D /* RFDateFormatter.m */; };
		F96098271A9DAD7F00356FF1 /* RFChoiceFormatter.m in Sources */ = {isa = PBXBuildFile; fileRef = F96098261A9DAD7F00356FF1 /* RFChoiceFormatter.m */; };
		F96098291A9DAD9600356FF1 /* RFChoiceFormatterTest.m in Sources */ = {isa = PBXBuildFile; fileRef = F96098281A9DAD9600356FF1 /* RFChoiceFormatterTest.m */; };
/* End PBXBuildFile section */

/* Begin PBXContainerItemProxy section */
		2EB08E341A8DDBBD00E72BB1 /* PBXContainerItemProxy */ = {
			isa = PBXContainerItemProxy;
			containerPortal = 2EB08E1F1A8DDBBD00E72BB1 /* Project object */;
			proxyType = 1;
			remoteGlobalIDString = 2EB08E261A8DDBBD00E72BB1;
			remoteInfo = Locela;
		};
/* End PBXContainerItemProxy section */

/* Begin PBXCopyFilesBuildPhase section */
		2EB08E251A8DDBBD00E72BB1 /* CopyFiles */ = {
			isa = PBXCopyFilesBuildPhase;
			buildActionMask = 2147483647;
			dstPath = "include/$(PRODUCT_NAME)";
			dstSubfolderSpec = 16;
			files = (
				2EB08E2B1A8DDBBD00E72BB1 /* RFLocela.h in CopyFiles */,
			);
			runOnlyForDeploymentPostprocessing = 0;
		};
/* End PBXCopyFilesBuildPhase section */

/* Begin PBXFileReference section */
		2EB08E271A8DDBBD00E72BB1 /* libLocela.a */ = {isa = PBXFileReference; explicitFileType = archive.ar; includeInIndex = 0; path = libLocela.a; sourceTree = BUILT_PRODUCTS_DIR; };
		2EB08E2A1A8DDBBD00E72BB1 /* RFLocela.h */ = {isa = PBXFileReference; lastKnownFileType = sourcecode.c.h; path = RFLocela.h; sourceTree = "<group>"; };
		2EB08E2C1A8DDBBD00E72BB1 /* RFLocela.m */ = {isa = PBXFileReference; lastKnownFileType = sourcecode.c.objc; path = RFLocela.m; sourceTree = "<group>"; };
		2EB08E321A8DDBBD00E72BB1 /* LocelaTests.xctest */ = {isa = PBXFileReference; explicitFileType = wrapper.cfbundle; includeInIndex = 0; path = LocelaTests.xctest; sourceTree = BUILT_PRODUCTS_DIR; };
		2EB08E381A8DDBBD00E72BB1 /* Info.plist */ = {isa = PBXFileReference; lastKnownFileType = text.plist.xml; path = Info.plist; sourceTree = "<group>"; };
		9040B05FBC7781126CBD7CE4 /* RFMessageFormatterTest.m */ = {isa = PBXFileReference; fileEncoding = 4; lastKnownFileType = sourcecode.c.objc; path = RFMessageFormatterTest.m; sourceTree = "<group>"; };
		9040B0AD6F8AD1E72662AF54 /* RFMessageFormatter.m */ = {isa = PBXFileReference; fileEncoding = 4; lastKnownFileType = sourcecode.c.objc; path = RFMessageFormatter.m; sourceTree = "<group>"; };
		9040B12487208D9CA2248BB2 /* RFChoiceCondition.m */ = {isa = PBXFileReference; fileEncoding = 4; lastKnownFileType = sourcecode.c.objc; path = RFChoiceCondition.m; sourceTree = "<group>"; };
		9040B160463FB93CE1C5921C /* RFDatetimeFormatter.h */ = {isa = PBXFileReference; fileEncoding = 4; lastKnownFileType = sourcecode.c.h; path = RFDatetimeFormatter.h; sourceTree = "<group>"; };
		9040B1B9AC3174567E7D09AF /* RFNumberFormatterTest.m */ = {isa = PBXFileReference; fileEncoding = 4; lastKnownFileType = sourcecode.c.objc; path = RFNumberFormatterTest.m; sourceTree = "<group>"; };
		9040B23516930D46889874C4 /* NSNumberFormatterTest.m */ = {isa = PBXFileReference; fileEncoding = 4; lastKnownFileType = sourcecode.c.objc; path = NSNumberFormatterTest.m; sourceTree = "<group>"; };
		9040B2FA492447029F02460F /* RFDateFormatterTest.m */ = {isa = PBXFileReference; fileEncoding = 4; lastKnownFileType = sourcecode.c.objc; path = RFDateFormatterTest.m; sourceTree = "<group>"; };
		9040B33892E97EA9AC08BC1F /* RFTimeFormatter.h */ = {isa = PBXFileReference; fileEncoding = 4; lastKnownFileType = sourcecode.c.h; path = RFTimeFormatter.h; sourceTree = "<group>"; };
		9040B3958B81DE494F05D38E /* RFStringFormatter.h */ = {isa = PBXFileReference; fileEncoding = 4; lastKnownFileType = sourcecode.c.h; path = RFStringFormatter.h; sourceTree = "<group>"; };
		9040B3CD11D1F9BCF88C0742 /* RFDatetimeFormatterTest.m */ = {isa = PBXFileReference; fileEncoding = 4; lastKnownFileType = sourcecode.c.objc; path = RFDatetimeFormatterTest.m; sourceTree = "<group>"; };
		9040B3D6A543AC0892C41444 /* RFNumberFormatter.m */ = {isa = PBXFileReference; fileEncoding = 4; lastKnownFileType = sourcecode.c.objc; path = RFNumberFormatter.m; sourceTree = "<group>"; };
		9040B4226A2AA2E3D691517F /* RFStringFormatterTest.m */ = {isa = PBXFileReference; fileEncoding = 4; lastKnownFileType = sourcecode.c.objc; path = RFStringFormatterTest.m; sourceTree = "<group>"; };
		9040B4CE4CC8F3374E6616F6 /* RFMessageFormatter.h */ = {isa = PBXFileReference; fileEncoding = 4; lastKnownFileType = sourcecode.c.h; path = RFMessageFormatter.h; sourceTree = "<group>"; };
		9040B53AA8F8C99A02006477 /* RFNumberFormatter.h */ = {isa = PBXFileReference; fileEncoding = 4; lastKnownFileType = sourcecode.c.h; path = RFNumberFormatter.h; sourceTree = "<group>"; };
		9040B54F8B97997B321A9DA1 /* RFTimeFormatterTest.m */ = {isa = PBXFileReference; fileEncoding = 4; lastKnownFileType = sourcecode.c.objc; path = RFTimeFormatterTest.m; sourceTree = "<group>"; };
		9040B561339F289BEEEDE61E /* RFStringFormatter.m */ = {isa = PBXFileReference; fileEncoding = 4; lastKnownFileType = sourcecode.c.objc; path = RFStringFormatter.m; sourceTree = "<group>"; };
		9040B62BD0B3037DB8E4D49B /* RFRegExpUtil.h */ = {isa = PBXFileReference; fileEncoding = 4; lastKnownFileType = sourcecode.c.h; path = RFRegExpUtil.h; sourceTree = "<group>"; };
		9040B67ACA0EAA738439D939 /* RFChoiceConditionTest.m */ = {isa = PBXFileReference; fileEncoding = 4; lastKnownFileType = sourcecode.c.objc; path = RFChoiceConditionTest.m; sourceTree = "<group>"; };
		9040B7F42BBAD599AEAFFED1 /* RFValueFormatter.h */ = {isa = PBXFileReference; fileEncoding = 4; lastKnownFileType = sourcecode.c.h; path = RFValueFormatter.h; sourceTree = "<group>"; };
		9040B7FDEDDC0C6D8E043B8D /* RFDateFormatter.m */ = {isa = PBXFileReference; fileEncoding = 4; lastKnownFileType = sourcecode.c.objc; path = RFDateFormatter.m; sourceTree = "<group>"; };
		9040B812289E112C78D65BF6 /* RFChoiceCondition.h */ = {isa = PBXFileReference; fileEncoding = 4; lastKnownFileType = sourcecode.c.h; path = RFChoiceCondition.h; sourceTree = "<group>"; };
		9040BAED19B7927FF4D4570D /* RFTimeFormatter.m */ = {isa = PBXFileReference; fileEncoding = 4; lastKnownFileType = sourcecode.c.objc; path = RFTimeFormatter.m; sourceTree = "<group>"; };
		9040BB8288A24724DB6E2F24 /* RFDatetimeFormatter.m */ = {isa = PBXFileReference; fileEncoding = 4; lastKnownFileType = sourcecode.c.objc; path = RFDatetimeFormatter.m; sourceTree = "<group>"; };
		9040BC064A126B686B73204F /* RFRegExpUtil.m */ = {isa = PBXFileReference; fileEncoding = 4; lastKnownFileType = sourcecode.c.objc; path = RFRegExpUtil.m; sourceTree = "<group>"; };
		9040BF19DBA018C7F2984AE1 /* RFValueFormatter.m */ = {isa = PBXFileReference; fileEncoding = 4; lastKnownFileType = sourcecode.c.objc; path = RFValueFormatter.m; sourceTree = "<group>"; };
		9040BF43F6B72DCE06BD398B /* RFDateFormatter.h */ = {isa = PBXFileReference; fileEncoding = 4; lastKnownFileType = sourcecode.c.h; path = RFDateFormatter.h; sourceTree = "<group>"; };
		F96098251A9DAD7F00356FF1 /* RFChoiceFormatter.h */ = {isa = PBXFileReference; fileEncoding = 4; lastKnownFileType = sourcecode.c.h; path = RFChoiceFormatter.h; sourceTree = "<group>"; };
		F96098261A9DAD7F00356FF1 /* RFChoiceFormatter.m */ = {isa = PBXFileReference; fileEncoding = 4; lastKnownFileType = sourcecode.c.objc; path = RFChoiceFormatter.m; sourceTree = "<group>"; };
		F96098281A9DAD9600356FF1 /* RFChoiceFormatterTest.m */ = {isa = PBXFileReference; fileEncoding = 4; lastKnownFileType = sourcecode.c.objc; name = RFChoiceFormatterTest.m; path = locelaTests/RFChoiceFormatterTest.m; sourceTree = SOURCE_ROOT; };
/* End PBXFileReference section */

/* Begin PBXFrameworksBuildPhase section */
		2EB08E241A8DDBBD00E72BB1 /* Frameworks */ = {
			isa = PBXFrameworksBuildPhase;
			buildActionMask = 2147483647;
			files = (
			);
			runOnlyForDeploymentPostprocessing = 0;
		};
		2EB08E2F1A8DDBBD00E72BB1 /* Frameworks */ = {
			isa = PBXFrameworksBuildPhase;
			buildActionMask = 2147483647;
			files = (
				2EB08E331A8DDBBD00E72BB1 /* libLocela.a in Frameworks */,
			);
			runOnlyForDeploymentPostprocessing = 0;
		};
/* End PBXFrameworksBuildPhase section */

/* Begin PBXGroup section */
		2EB08E1E1A8DDBBD00E72BB1 = {
			isa = PBXGroup;
			children = (
				2EB08E291A8DDBBD00E72BB1 /* Locela */,
				2EB08E361A8DDBBD00E72BB1 /* LocelaTests */,
				2EB08E281A8DDBBD00E72BB1 /* Products */,
			);
			sourceTree = "<group>";
		};
		2EB08E281A8DDBBD00E72BB1 /* Products */ = {
			isa = PBXGroup;
			children = (
				2EB08E271A8DDBBD00E72BB1 /* libLocela.a */,
				2EB08E321A8DDBBD00E72BB1 /* LocelaTests.xctest */,
			);
			name = Products;
			sourceTree = "<group>";
		};
		2EB08E291A8DDBBD00E72BB1 /* Locela */ = {
			isa = PBXGroup;
			children = (
				2EB08E2A1A8DDBBD00E72BB1 /* RFLocela.h */,
				2EB08E2C1A8DDBBD00E72BB1 /* RFLocela.m */,
				9040BBDFCA5DDB021C65BFF8 /* format */,
			);
			path = Locela;
			sourceTree = "<group>";
		};
		2EB08E361A8DDBBD00E72BB1 /* LocelaTests */ = {
			isa = PBXGroup;
			children = (
				2EB08E371A8DDBBD00E72BB1 /* Supporting Files */,
				9040B23516930D46889874C4 /* NSNumberFormatterTest.m */,
				9040B05FBC7781126CBD7CE4 /* RFMessageFormatterTest.m */,
				9040B4226A2AA2E3D691517F /* RFStringFormatterTest.m */,
				9040B1B9AC3174567E7D09AF /* RFNumberFormatterTest.m */,
				9040B2FA492447029F02460F /* RFDateFormatterTest.m */,
				9040B54F8B97997B321A9DA1 /* RFTimeFormatterTest.m */,
				9040B3CD11D1F9BCF88C0742 /* RFDatetimeFormatterTest.m */,
				F96098281A9DAD9600356FF1 /* RFChoiceFormatterTest.m */,
				9040B67ACA0EAA738439D939 /* RFChoiceConditionTest.m */,
			);
			path = LocelaTests;
			sourceTree = "<group>";
		};
		2EB08E371A8DDBBD00E72BB1 /* Supporting Files */ = {
			isa = PBXGroup;
			children = (
				2EB08E381A8DDBBD00E72BB1 /* Info.plist */,
			);
			name = "Supporting Files";
			sourceTree = "<group>";
		};
		9040BBDFCA5DDB021C65BFF8 /* format */ = {
			isa = PBXGroup;
			children = (
				9040B0AD6F8AD1E72662AF54 /* RFMessageFormatter.m */,
				9040B4CE4CC8F3374E6616F6 /* RFMessageFormatter.h */,
				9040B561339F289BEEEDE61E /* RFStringFormatter.m */,
				9040B3958B81DE494F05D38E /* RFStringFormatter.h */,
				9040BF19DBA018C7F2984AE1 /* RFValueFormatter.m */,
				9040B7F42BBAD599AEAFFED1 /* RFValueFormatter.h */,
				9040B3D6A543AC0892C41444 /* RFNumberFormatter.m */,
				9040B53AA8F8C99A02006477 /* RFNumberFormatter.h */,
				9040B7FDEDDC0C6D8E043B8D /* RFDateFormatter.m */,
				9040BF43F6B72DCE06BD398B /* RFDateFormatter.h */,
				9040BAED19B7927FF4D4570D /* RFTimeFormatter.m */,
				9040B33892E97EA9AC08BC1F /* RFTimeFormatter.h */,
				9040BB8288A24724DB6E2F24 /* RFDatetimeFormatter.m */,
				9040B160463FB93CE1C5921C /* RFDatetimeFormatter.h */,
				F96098251A9DAD7F00356FF1 /* RFChoiceFormatter.h */,
				F96098261A9DAD7F00356FF1 /* RFChoiceFormatter.m */,
				9040B12487208D9CA2248BB2 /* RFChoiceCondition.m */,
				9040B812289E112C78D65BF6 /* RFChoiceCondition.h */,
				9040BC064A126B686B73204F /* RFRegExpUtil.m */,
				9040B62BD0B3037DB8E4D49B /* RFRegExpUtil.h */,
			);
			path = format;
			sourceTree = "<group>";
		};
/* End PBXGroup section */

/* Begin PBXNativeTarget section */
		2EB08E261A8DDBBD00E72BB1 /* Locela */ = {
			isa = PBXNativeTarget;
			buildConfigurationList = 2EB08E3B1A8DDBBD00E72BB1 /* Build configuration list for PBXNativeTarget "Locela" */;
			buildPhases = (
				2EB08E231A8DDBBD00E72BB1 /* Sources */,
				2EB08E241A8DDBBD00E72BB1 /* Frameworks */,
				2EB08E251A8DDBBD00E72BB1 /* CopyFiles */,
			);
			buildRules = (
			);
			dependencies = (
			);
			name = Locela;
			productName = Locela;
			productReference = 2EB08E271A8DDBBD00E72BB1 /* libLocela.a */;
			productType = "com.apple.product-type.library.static";
		};
		2EB08E311A8DDBBD00E72BB1 /* LocelaTests */ = {
			isa = PBXNativeTarget;
			buildConfigurationList = 2EB08E3E1A8DDBBD00E72BB1 /* Build configuration list for PBXNativeTarget "LocelaTests" */;
			buildPhases = (
				2EB08E2E1A8DDBBD00E72BB1 /* Sources */,
				2EB08E2F1A8DDBBD00E72BB1 /* Frameworks */,
				2EB08E301A8DDBBD00E72BB1 /* Resources */,
			);
			buildRules = (
			);
			dependencies = (
				2EB08E351A8DDBBD00E72BB1 /* PBXTargetDependency */,
			);
			name = LocelaTests;
			productName = LocelaTests;
			productReference = 2EB08E321A8DDBBD00E72BB1 /* LocelaTests.xctest */;
			productType = "com.apple.product-type.bundle.unit-test";
		};
/* End PBXNativeTarget section */

/* Begin PBXProject section */
		2EB08E1F1A8DDBBD00E72BB1 /* Project object */ = {
			isa = PBXProject;
			attributes = {
				LastUpgradeCheck = 0610;
				ORGANIZATIONNAME = "teufel lautsprecher";
				TargetAttributes = {
					2EB08E261A8DDBBD00E72BB1 = {
						CreatedOnToolsVersion = 6.1.1;
					};
					2EB08E311A8DDBBD00E72BB1 = {
						CreatedOnToolsVersion = 6.1.1;
					};
				};
			};
			buildConfigurationList = 2EB08E221A8DDBBD00E72BB1 /* Build configuration list for PBXProject "Locela" */;
			compatibilityVersion = "Xcode 3.2";
			developmentRegion = English;
			hasScannedForEncodings = 0;
			knownRegions = (
				en,
			);
			mainGroup = 2EB08E1E1A8DDBBD00E72BB1;
			productRefGroup = 2EB08E281A8DDBBD00E72BB1 /* Products */;
			projectDirPath = "";
			projectRoot = "";
			targets = (
				2EB08E261A8DDBBD00E72BB1 /* Locela */,
				2EB08E311A8DDBBD00E72BB1 /* LocelaTests */,
			);
		};
/* End PBXProject section */

/* Begin PBXResourcesBuildPhase section */
		2EB08E301A8DDBBD00E72BB1 /* Resources */ = {
			isa = PBXResourcesBuildPhase;
			buildActionMask = 2147483647;
			files = (
			);
			runOnlyForDeploymentPostprocessing = 0;
		};
/* End PBXResourcesBuildPhase section */

/* Begin PBXSourcesBuildPhase section */
		2EB08E231A8DDBBD00E72BB1 /* Sources */ = {
			isa = PBXSourcesBuildPhase;
			buildActionMask = 2147483647;
			files = (
				2EB08E2D1A8DDBBD00E72BB1 /* RFLocela.m in Sources */,
				9040BE3AF498029D81909560 /* RFMessageFormatter.m in Sources */,
				9040B0A6A05A8B06B140B97F /* RFStringFormatter.m in Sources */,
				9040B8CB2DFB03BCBC3B781E /* RFValueFormatter.m in Sources */,
				9040B38BF42C65176453230B /* RFNumberFormatter.m in Sources */,
				F96098271A9DAD7F00356FF1 /* RFChoiceFormatter.m in Sources */,
				9040BFE2FCB8DFF48246EB34 /* RFDateFormatter.m in Sources */,
				9040B9458BA6A8A443720F72 /* RFTimeFormatter.m in Sources */,
				9040BC79DCDCC8DF315114AC /* RFDatetimeFormatter.m in Sources */,
				9040B3E05C3C36885B30B4CA /* RFChoiceCondition.m in Sources */,
				9040BD9BF39DA16ED455BFB4 /* RFRegExpUtil.m in Sources */,
			);
			runOnlyForDeploymentPostprocessing = 0;
		};
		2EB08E2E1A8DDBBD00E72BB1 /* Sources */ = {
			isa = PBXSourcesBuildPhase;
			buildActionMask = 2147483647;
			files = (
				9040B9715FB7CCCEED882173 /* NSNumberFormatterTest.m in Sources */,
				F96098291A9DAD9600356FF1 /* RFChoiceFormatterTest.m in Sources */,
				9040B407FBABA3E57FF5B0FE /* RFMessageFormatterTest.m in Sources */,
				9040B850320250B92DC28A49 /* RFStringFormatterTest.m in Sources */,
				9040B93B9E27FA53668F1AD6 /* RFNumberFormatterTest.m in Sources */,
				9040BA852955E70E870550F3 /* RFDateFormatterTest.m in Sources */,
				9040B0A653DCDF95DD0234D1 /* RFTimeFormatterTest.m in Sources */,
				9040B116C7C67BFC238B4EF3 /* RFDatetimeFormatterTest.m in Sources */,
				9040B2A4D591502C49B82270 /* RFChoiceConditionTest.m in Sources */,
			);
			runOnlyForDeploymentPostprocessing = 0;
		};
/* End PBXSourcesBuildPhase section */

/* Begin PBXTargetDependency section */
		2EB08E351A8DDBBD00E72BB1 /* PBXTargetDependency */ = {
			isa = PBXTargetDependency;
			target = 2EB08E261A8DDBBD00E72BB1 /* Locela */;
			targetProxy = 2EB08E341A8DDBBD00E72BB1 /* PBXContainerItemProxy */;
		};
/* End PBXTargetDependency section */

/* Begin XCBuildConfiguration section */
		2EB08E391A8DDBBD00E72BB1 /* Debug */ = {
			isa = XCBuildConfiguration;
			buildSettings = {
				ALWAYS_SEARCH_USER_PATHS = NO;
				CLANG_CXX_LANGUAGE_STANDARD = "gnu++0x";
				CLANG_CXX_LIBRARY = "libc++";
				CLANG_ENABLE_MODULES = YES;
				CLANG_ENABLE_OBJC_ARC = YES;
				CLANG_WARN_BOOL_CONVERSION = YES;
				CLANG_WARN_CONSTANT_CONVERSION = YES;
				CLANG_WARN_DIRECT_OBJC_ISA_USAGE = YES_ERROR;
				CLANG_WARN_EMPTY_BODY = YES;
				CLANG_WARN_ENUM_CONVERSION = YES;
				CLANG_WARN_INT_CONVERSION = YES;
				CLANG_WARN_OBJC_ROOT_CLASS = YES_ERROR;
				CLANG_WARN_UNREACHABLE_CODE = YES;
				CLANG_WARN__DUPLICATE_METHOD_MATCH = YES;
				COPY_PHASE_STRIP = NO;
				ENABLE_STRICT_OBJC_MSGSEND = YES;
				GCC_C_LANGUAGE_STANDARD = gnu99;
				GCC_DYNAMIC_NO_PIC = NO;
				GCC_OPTIMIZATION_LEVEL = 0;
				GCC_PREPROCESSOR_DEFINITIONS = (
					"DEBUG=1",
					"$(inherited)",
				);
				GCC_SYMBOLS_PRIVATE_EXTERN = NO;
				GCC_WARN_64_TO_32_BIT_CONVERSION = YES;
				GCC_WARN_ABOUT_RETURN_TYPE = YES_ERROR;
				GCC_WARN_UNDECLARED_SELECTOR = YES;
				GCC_WARN_UNINITIALIZED_AUTOS = YES_AGGRESSIVE;
				GCC_WARN_UNUSED_FUNCTION = YES;
				GCC_WARN_UNUSED_VARIABLE = YES;
				IPHONEOS_DEPLOYMENT_TARGET = 8.1;
				MTL_ENABLE_DEBUG_INFO = YES;
				ONLY_ACTIVE_ARCH = YES;
				SDKROOT = iphoneos;
			};
			name = Debug;
		};
		2EB08E3A1A8DDBBD00E72BB1 /* Release */ = {
			isa = XCBuildConfiguration;
			buildSettings = {
				ALWAYS_SEARCH_USER_PATHS = NO;
				CLANG_CXX_LANGUAGE_STANDARD = "gnu++0x";
				CLANG_CXX_LIBRARY = "libc++";
				CLANG_ENABLE_MODULES = YES;
				CLANG_ENABLE_OBJC_ARC = YES;
				CLANG_WARN_BOOL_CONVERSION = YES;
				CLANG_WARN_CONSTANT_CONVERSION = YES;
				CLANG_WARN_DIRECT_OBJC_ISA_USAGE = YES_ERROR;
				CLANG_WARN_EMPTY_BODY = YES;
				CLANG_WARN_ENUM_CONVERSION = YES;
				CLANG_WARN_INT_CONVERSION = YES;
				CLANG_WARN_OBJC_ROOT_CLASS = YES_ERROR;
				CLANG_WARN_UNREACHABLE_CODE = YES;
				CLANG_WARN__DUPLICATE_METHOD_MATCH = YES;
				COPY_PHASE_STRIP = YES;
				ENABLE_NS_ASSERTIONS = NO;
				ENABLE_STRICT_OBJC_MSGSEND = YES;
				GCC_C_LANGUAGE_STANDARD = gnu99;
				GCC_WARN_64_TO_32_BIT_CONVERSION = YES;
				GCC_WARN_ABOUT_RETURN_TYPE = YES_ERROR;
				GCC_WARN_UNDECLARED_SELECTOR = YES;
				GCC_WARN_UNINITIALIZED_AUTOS = YES_AGGRESSIVE;
				GCC_WARN_UNUSED_FUNCTION = YES;
				GCC_WARN_UNUSED_VARIABLE = YES;
				IPHONEOS_DEPLOYMENT_TARGET = 8.1;
				MTL_ENABLE_DEBUG_INFO = NO;
				SDKROOT = iphoneos;
				VALIDATE_PRODUCT = YES;
			};
			name = Release;
		};
		2EB08E3C1A8DDBBD00E72BB1 /* Debug */ = {
			isa = XCBuildConfiguration;
			buildSettings = {
				OTHER_LDFLAGS = "-ObjC";
				PRODUCT_NAME = "$(TARGET_NAME)";
				SKIP_INSTALL = YES;
			};
			name = Debug;
		};
		2EB08E3D1A8DDBBD00E72BB1 /* Release */ = {
			isa = XCBuildConfiguration;
			buildSettings = {
				OTHER_LDFLAGS = "-ObjC";
				PRODUCT_NAME = "$(TARGET_NAME)";
				SKIP_INSTALL = YES;
			};
			name = Release;
		};
		2EB08E3F1A8DDBBD00E72BB1 /* Debug */ = {
			isa = XCBuildConfiguration;
			buildSettings = {
				FRAMEWORK_SEARCH_PATHS = (
					"$(SDKROOT)/Developer/Library/Frameworks",
					"$(inherited)",
				);
				GCC_PREPROCESSOR_DEFINITIONS = (
					"DEBUG=1",
					"$(inherited)",
				);
				INFOPLIST_FILE = LocelaTests/Info.plist;
				LD_RUNPATH_SEARCH_PATHS = "$(inherited) @executable_path/Frameworks @loader_path/Frameworks";
				PRODUCT_NAME = "$(TARGET_NAME)";
			};
			name = Debug;
		};
		2EB08E401A8DDBBD00E72BB1 /* Release */ = {
			isa = XCBuildConfiguration;
			buildSettings = {
				FRAMEWORK_SEARCH_PATHS = (
					"$(SDKROOT)/Developer/Library/Frameworks",
					"$(inherited)",
				);
				INFOPLIST_FILE = LocelaTests/Info.plist;
				LD_RUNPATH_SEARCH_PATHS = "$(inherited) @executable_path/Frameworks @loader_path/Frameworks";
				PRODUCT_NAME = "$(TARGET_NAME)";
			};
			name = Release;
		};
/* End XCBuildConfiguration section */

/* Begin XCConfigurationList section */
		2EB08E221A8DDBBD00E72BB1 /* Build configuration list for PBXProject "Locela" */ = {
			isa = XCConfigurationList;
			buildConfigurations = (
				2EB08E391A8DDBBD00E72BB1 /* Debug */,
				2EB08E3A1A8DDBBD00E72BB1 /* Release */,
			);
			defaultConfigurationIsVisible = 0;
			defaultConfigurationName = Release;
		};
		2EB08E3B1A8DDBBD00E72BB1 /* Build configuration list for PBXNativeTarget "Locela" */ = {
			isa = XCConfigurationList;
			buildConfigurations = (
				2EB08E3C1A8DDBBD00E72BB1 /* Debug */,
				2EB08E3D1A8DDBBD00E72BB1 /* Release */,
			);
			defaultConfigurationIsVisible = 0;
			defaultConfigurationName = Release;
		};
		2EB08E3E1A8DDBBD00E72BB1 /* Build configuration list for PBXNativeTarget "LocelaTests" */ = {
			isa = XCConfigurationList;
			buildConfigurations = (
				2EB08E3F1A8DDBBD00E72BB1 /* Debug */,
				2EB08E401A8DDBBD00E72BB1 /* Release */,
			);
			defaultConfigurationIsVisible = 0;
			defaultConfigurationName = Release;
		};
/* End XCConfigurationList section */
	};
	rootObject = 2EB08E1F1A8DDBBD00E72BB1 /* Project object */;
}
